
Microsoft Visual Studio Solution File, Format Version 12.00
# Visual Studio Version 17
VisualStudioVersion = 17.9.34728.123
MinimumVisualStudioVersion = 10.0.40219.1
Project("{FAE04EC0-301F-11D3-BF4B-00C04F79EFBC}") = "gpt-assistant", "gpt-assistant\GPTAssistant.csproj", "{9FA27F23-B6A1-40F4-AC64-C5B5DCA8D0EC}"
EndProject
Global
	GlobalSection(SolutionConfigurationPlatforms) = preSolution
		Debug|Any CPU = Debug|Any CPU
		Release|Any CPU = Release|Any CPU
	EndGlobalSection
	GlobalSection(ProjectConfigurationPlatforms) = postSolution
		{9FA27F23-B6A1-40F4-AC64-C5B5DCA8D0EC}.Debug|Any CPU.ActiveCfg = Debug|Any CPU
		{9FA27F23-B6A1-40F4-AC64-C5B5DCA8D0EC}.Debug|Any CPU.Build.0 = Debug|Any CPU
		{9FA27F23-B6A1-40F4-AC64-C5B5DCA8D0EC}.Release|Any CPU.ActiveCfg = Release|Any CPU
		{9FA27F23-B6A1-40F4-AC64-C5B5DCA8D0EC}.Release|Any CPU.Build.0 = Release|Any CPU
	EndGlobalSection
	GlobalSection(SolutionProperties) = preSolution
		HideSolutionNode = FALSE
	EndGlobalSection
	GlobalSection(ExtensibilityGlobals) = postSolution
		SolutionGuid = {62AD30AD-112A-45A1-BF6E-57D676E5E390}
	EndGlobalSection
EndGlobal
